// !$*UTF8*$!
{
	archiveVersion = 1;
	classes = {
	};
	objectVersion = 55;
	objects = {

/* Begin PBXBuildFile section */
		833F412B28BBCA7800FEEDEA /* AppDelegate.swift in Sources */ = {isa = PBXBuildFile; fileRef = 833F412A28BBCA7800FEEDEA /* AppDelegate.swift */; };
		833F412D28BBCA7800FEEDEA /* SceneDelegate.swift in Sources */ = {isa = PBXBuildFile; fileRef = 833F412C28BBCA7800FEEDEA /* SceneDelegate.swift */; };
		833F412F28BBCA7800FEEDEA /* ViewController.swift in Sources */ = {isa = PBXBuildFile; fileRef = 833F412E28BBCA7800FEEDEA /* ViewController.swift */; };
		833F413228BBCA7800FEEDEA /* Main.storyboard in Resources */ = {isa = PBXBuildFile; fileRef = 833F413028BBCA7800FEEDEA /* Main.storyboard */; };
		833F413428BBCA7900FEEDEA /* Assets.xcassets in Resources */ = {isa = PBXBuildFile; fileRef = 833F413328BBCA7900FEEDEA /* Assets.xcassets */; };
		833F413728BBCA7900FEEDEA /* LaunchScreen.storyboard in Resources */ = {isa = PBXBuildFile; fileRef = 833F413528BBCA7900FEEDEA /* LaunchScreen.storyboard */; };
		833F414228BBCA7900FEEDEA /* PreworkTipCalculatorTests.swift in Sources */ = {isa = PBXBuildFile; fileRef = 833F414128BBCA7900FEEDEA /* PreworkTipCalculatorTests.swift */; };
		833F414C28BBCA7900FEEDEA /* PreworkTipCalculatorUITests.swift in Sources */ = {isa = PBXBuildFile; fileRef = 833F414B28BBCA7900FEEDEA /* PreworkTipCalculatorUITests.swift */; };
		833F414E28BBCA7900FEEDEA /* PreworkTipCalculatorUITestsLaunchTests.swift in Sources */ = {isa = PBXBuildFile; fileRef = 833F414D28BBCA7900FEEDEA /* PreworkTipCalculatorUITestsLaunchTests.swift */; };
		83DEE35628BC3AE6004D5955 /* SettingsViewController.swift in Sources */ = {isa = PBXBuildFile; fileRef = 83DEE35528BC3AE6004D5955 /* SettingsViewController.swift */; };
/* End PBXBuildFile section */

/* Begin PBXContainerItemProxy section */
		833F413E28BBCA7900FEEDEA /* PBXContainerItemProxy */ = {
			isa = PBXContainerItemProxy;
			containerPortal = 833F411F28BBCA7800FEEDEA /* Project object */;
			proxyType = 1;
			remoteGlobalIDString = 833F412628BBCA7800FEEDEA;
			remoteInfo = PreworkTipCalculator;
		};
		833F414828BBCA7900FEEDEA /* PBXContainerItemProxy */ = {
			isa = PBXContainerItemProxy;
			containerPortal = 833F411F28BBCA7800FEEDEA /* Project object */;
			proxyType = 1;
			remoteGlobalIDString = 833F412628BBCA7800FEEDEA;
			remoteInfo = PreworkTipCalculator;
		};
/* End PBXContainerItemProxy section */

/* Begin PBXFileReference section */
		833F412728BBCA7800FEEDEA /* PreworkTipCalculator.app */ = {isa = PBXFileReference; explicitFileType = wrapper.application; includeInIndex = 0; path = PreworkTipCalculator.app; sourceTree = BUILT_PRODUCTS_DIR; };
		833F412A28BBCA7800FEEDEA /* AppDelegate.swift */ = {isa = PBXFileReference; lastKnownFileType = sourcecode.swift; path = AppDelegate.swift; sourceTree = "<group>"; };
		833F412C28BBCA7800FEEDEA /* SceneDelegate.swift */ = {isa = PBXFileReference; lastKnownFileType = sourcecode.swift; path = SceneDelegate.swift; sourceTree = "<group>"; };
		833F412E28BBCA7800FEEDEA /* ViewController.swift */ = {isa = PBXFileReference; lastKnownFileType = sourcecode.swift; path = ViewController.swift; sourceTree = "<group>"; };
		833F413128BBCA7800FEEDEA /* Base */ = {isa = PBXFileReference; lastKnownFileType = file.storyboard; name = Base; path = Base.lproj/Main.storyboard; sourceTree = "<group>"; };
		833F413328BBCA7900FEEDEA /* Assets.xcassets */ = {isa = PBXFileReference; lastKnownFileType = folder.assetcatalog; path = Assets.xcassets; sourceTree = "<group>"; };
		833F413628BBCA7900FEEDEA /* Base */ = {isa = PBXFileReference; lastKnownFileType = file.storyboard; name = Base; path = Base.lproj/LaunchScreen.storyboard; sourceTree = "<group>"; };
		833F413828BBCA7900FEEDEA /* Info.plist */ = {isa = PBXFileReference; lastKnownFileType = text.plist.xml; path = Info.plist; sourceTree = "<group>"; };
		833F413D28BBCA7900FEEDEA /* PreworkTipCalculatorTests.xctest */ = {isa = PBXFileReference; explicitFileType = wrapper.cfbundle; includeInIndex = 0; path = PreworkTipCalculatorTests.xctest; sourceTree = BUILT_PRODUCTS_DIR; };
		833F414128BBCA7900FEEDEA /* PreworkTipCalculatorTests.swift */ = {isa = PBXFileReference; lastKnownFileType = sourcecode.swift; path = PreworkTipCalculatorTests.swift; sourceTree = "<group>"; };
		833F414728BBCA7900FEEDEA /* PreworkTipCalculatorUITests.xctest */ = {isa = PBXFileReference; explicitFileType = wrapper.cfbundle; includeInIndex = 0; path = PreworkTipCalculatorUITests.xctest; sourceTree = BUILT_PRODUCTS_DIR; };
		833F414B28BBCA7900FEEDEA /* PreworkTipCalculatorUITests.swift */ = {isa = PBXFileReference; lastKnownFileType = sourcecode.swift; path = PreworkTipCalculatorUITests.swift; sourceTree = "<group>"; };
		833F414D28BBCA7900FEEDEA /* PreworkTipCalculatorUITestsLaunchTests.swift */ = {isa = PBXFileReference; lastKnownFileType = sourcecode.swift; path = PreworkTipCalculatorUITestsLaunchTests.swift; sourceTree = "<group>"; };
		83DEE35528BC3AE6004D5955 /* SettingsViewController.swift */ = {isa = PBXFileReference; lastKnownFileType = sourcecode.swift; path = SettingsViewController.swift; sourceTree = "<group>"; };
/* End PBXFileReference section */

/* Begin PBXFrameworksBuildPhase section */
		833F412428BBCA7800FEEDEA /* Frameworks */ = {
			isa = PBXFrameworksBuildPhase;
			buildActionMask = 2147483647;
			files = (
			);
			runOnlyForDeploymentPostprocessing = 0;
		};
		833F413A28BBCA7900FEEDEA /* Frameworks */ = {
			isa = PBXFrameworksBuildPhase;
			buildActionMask = 2147483647;
			files = (
			);
			runOnlyForDeploymentPostprocessing = 0;
		};
		833F414428BBCA7900FEEDEA /* Frameworks */ = {
			isa = PBXFrameworksBuildPhase;
			buildActionMask = 2147483647;
			files = (
			);
			runOnlyForDeploymentPostprocessing = 0;
		};
/* End PBXFrameworksBuildPhase section */

/* Begin PBXGroup section */
		833F411E28BBCA7800FEEDEA = {
			isa = PBXGroup;
			children = (
				833F412928BBCA7800FEEDEA /* PreworkTipCalculator */,
				833F414028BBCA7900FEEDEA /* PreworkTipCalculatorTests */,
				833F414A28BBCA7900FEEDEA /* PreworkTipCalculatorUITests */,
				833F412828BBCA7800FEEDEA /* Products */,
			);
			sourceTree = "<group>";
		};
		833F412828BBCA7800FEEDEA /* Products */ = {
			isa = PBXGroup;
			children = (
				833F412728BBCA7800FEEDEA /* PreworkTipCalculator.app */,
				833F413D28BBCA7900FEEDEA /* PreworkTipCalculatorTests.xctest */,
				833F414728BBCA7900FEEDEA /* PreworkTipCalculatorUITests.xctest */,
			);
			name = Products;
			sourceTree = "<group>";
		};
		833F412928BBCA7800FEEDEA /* PreworkTipCalculator */ = {
			isa = PBXGroup;
			children = (
				833F412A28BBCA7800FEEDEA /* AppDelegate.swift */,
				833F412C28BBCA7800FEEDEA /* SceneDelegate.swift */,
				833F412E28BBCA7800FEEDEA /* ViewController.swift */,
				833F413028BBCA7800FEEDEA /* Main.storyboard */,
				83DEE35528BC3AE6004D5955 /* SettingsViewController.swift */,
				833F413328BBCA7900FEEDEA /* Assets.xcassets */,
				833F413528BBCA7900FEEDEA /* LaunchScreen.storyboard */,
				833F413828BBCA7900FEEDEA /* Info.plist */,
			);
			path = PreworkTipCalculator;
			sourceTree = "<group>";
		};
		833F414028BBCA7900FEEDEA /* PreworkTipCalculatorTests */ = {
			isa = PBXGroup;
			children = (
				833F414128BBCA7900FEEDEA /* PreworkTipCalculatorTests.swift */,
			);
			path = PreworkTipCalculatorTests;
			sourceTree = "<group>";
		};
		833F414A28BBCA7900FEEDEA /* PreworkTipCalculatorUITests */ = {
			isa = PBXGroup;
			children = (
				833F414B28BBCA7900FEEDEA /* PreworkTipCalculatorUITests.swift */,
				833F414D28BBCA7900FEEDEA /* PreworkTipCalculatorUITestsLaunchTests.swift */,
			);
			path = PreworkTipCalculatorUITests;
			sourceTree = "<group>";
		};
/* End PBXGroup section */

/* Begin PBXNativeTarget section */
		833F412628BBCA7800FEEDEA /* PreworkTipCalculator */ = {
			isa = PBXNativeTarget;
			buildConfigurationList = 833F415128BBCA7900FEEDEA /* Build configuration list for PBXNativeTarget "PreworkTipCalculator" */;
			buildPhases = (
				833F412328BBCA7800FEEDEA /* Sources */,
				833F412428BBCA7800FEEDEA /* Frameworks */,
				833F412528BBCA7800FEEDEA /* Resources */,
			);
			buildRules = (
			);
			dependencies = (
			);
			name = PreworkTipCalculator;
			productName = PreworkTipCalculator;
			productReference = 833F412728BBCA7800FEEDEA /* PreworkTipCalculator.app */;
			productType = "com.apple.product-type.application";
		};
		833F413C28BBCA7900FEEDEA /* PreworkTipCalculatorTests */ = {
			isa = PBXNativeTarget;
			buildConfigurationList = 833F415428BBCA7900FEEDEA /* Build configuration list for PBXNativeTarget "PreworkTipCalculatorTests" */;
			buildPhases = (
				833F413928BBCA7900FEEDEA /* Sources */,
				833F413A28BBCA7900FEEDEA /* Frameworks */,
				833F413B28BBCA7900FEEDEA /* Resources */,
			);
			buildRules = (
			);
			dependencies = (
				833F413F28BBCA7900FEEDEA /* PBXTargetDependency */,
			);
			name = PreworkTipCalculatorTests;
			productName = PreworkTipCalculatorTests;
			productReference = 833F413D28BBCA7900FEEDEA /* PreworkTipCalculatorTests.xctest */;
			productType = "com.apple.product-type.bundle.unit-test";
		};
		833F414628BBCA7900FEEDEA /* PreworkTipCalculatorUITests */ = {
			isa = PBXNativeTarget;
			buildConfigurationList = 833F415728BBCA7900FEEDEA /* Build configuration list for PBXNativeTarget "PreworkTipCalculatorUITests" */;
			buildPhases = (
				833F414328BBCA7900FEEDEA /* Sources */,
				833F414428BBCA7900FEEDEA /* Frameworks */,
				833F414528BBCA7900FEEDEA /* Resources */,
			);
			buildRules = (
			);
			dependencies = (
				833F414928BBCA7900FEEDEA /* PBXTargetDependency */,
			);
			name = PreworkTipCalculatorUITests;
			productName = PreworkTipCalculatorUITests;
			productReference = 833F414728BBCA7900FEEDEA /* PreworkTipCalculatorUITests.xctest */;
			productType = "com.apple.product-type.bundle.ui-testing";
		};
/* End PBXNativeTarget section */

/* Begin PBXProject section */
		833F411F28BBCA7800FEEDEA /* Project object */ = {
			isa = PBXProject;
			attributes = {
				BuildIndependentTargetsInParallel = 1;
				LastSwiftUpdateCheck = 1340;
				LastUpgradeCheck = 1340;
				TargetAttributes = {
					833F412628BBCA7800FEEDEA = {
						CreatedOnToolsVersion = 13.4.1;
					};
					833F413C28BBCA7900FEEDEA = {
						CreatedOnToolsVersion = 13.4.1;
						TestTargetID = 833F412628BBCA7800FEEDEA;
					};
					833F414628BBCA7900FEEDEA = {
						CreatedOnToolsVersion = 13.4.1;
						TestTargetID = 833F412628BBCA7800FEEDEA;
					};
				};
			};
			buildConfigurationList = 833F412228BBCA7800FEEDEA /* Build configuration list for PBXProject "PreworkTipCalculator" */;
			compatibilityVersion = "Xcode 13.0";
			developmentRegion = en;
			hasScannedForEncodings = 0;
			knownRegions = (
				en,
				Base,
			);
			mainGroup = 833F411E28BBCA7800FEEDEA;
			productRefGroup = 833F412828BBCA7800FEEDEA /* Products */;
			projectDirPath = "";
			projectRoot = "";
			targets = (
				833F412628BBCA7800FEEDEA /* PreworkTipCalculator */,
				833F413C28BBCA7900FEEDEA /* PreworkTipCalculatorTests */,
				833F414628BBCA7900FEEDEA /* PreworkTipCalculatorUITests */,
			);
		};
/* End PBXProject section */

/* Begin PBXResourcesBuildPhase section */
		833F412528BBCA7800FEEDEA /* Resources */ = {
			isa = PBXResourcesBuildPhase;
			buildActionMask = 2147483647;
			files = (
				833F413728BBCA7900FEEDEA /* LaunchScreen.storyboard in Resources */,
				833F413428BBCA7900FEEDEA /* Assets.xcassets in Resources */,
				833F413228BBCA7800FEEDEA /* Main.storyboard in Resources */,
			);
			runOnlyForDeploymentPostprocessing = 0;
		};
		833F413B28BBCA7900FEEDEA /* Resources */ = {
			isa = PBXResourcesBuildPhase;
			buildActionMask = 2147483647;
			files = (
			);
			runOnlyForDeploymentPostprocessing = 0;
		};
		833F414528BBCA7900FEEDEA /* Resources */ = {
			isa = PBXResourcesBuildPhase;
			buildActionMask = 2147483647;
			files = (
			);
			runOnlyForDeploymentPostprocessing = 0;
		};
/* End PBXResourcesBuildPhase section */

/* Begin PBXSourcesBuildPhase section */
		833F412328BBCA7800FEEDEA /* Sources */ = {
			isa = PBXSourcesBuildPhase;
			buildActionMask = 2147483647;
			files = (
				833F412F28BBCA7800FEEDEA /* ViewController.swift in Sources */,
				833F412B28BBCA7800FEEDEA /* AppDelegate.swift in Sources */,
				833F412D28BBCA7800FEEDEA /* SceneDelegate.swift in Sources */,
				83DEE35628BC3AE6004D5955 /* SettingsViewController.swift in Sources */,
			);
			runOnlyForDeploymentPostprocessing = 0;
		};
		833F413928BBCA7900FEEDEA /* Sources */ = {
			isa = PBXSourcesBuildPhase;
			buildActionMask = 2147483647;
			files = (
				833F414228BBCA7900FEEDEA /* PreworkTipCalculatorTests.swift in Sources */,
			);
			runOnlyForDeploymentPostprocessing = 0;
		};
		833F414328BBCA7900FEEDEA /* Sources */ = {
			isa = PBXSourcesBuildPhase;
			buildActionMask = 2147483647;
			files = (
				833F414C28BBCA7900FEEDEA /* PreworkTipCalculatorUITests.swift in Sources */,
				833F414E28BBCA7900FEEDEA /* PreworkTipCalculatorUITestsLaunchTests.swift in Sources */,
			);
			runOnlyForDeploymentPostprocessing = 0;
		};
/* End PBXSourcesBuildPhase section */

/* Begin PBXTargetDependency section */
		833F413F28BBCA7900FEEDEA /* PBXTargetDependency */ = {
			isa = PBXTargetDependency;
			target = 833F412628BBCA7800FEEDEA /* PreworkTipCalculator */;
			targetProxy = 833F413E28BBCA7900FEEDEA /* PBXContainerItemProxy */;
		};
		833F414928BBCA7900FEEDEA /* PBXTargetDependency */ = {
			isa = PBXTargetDependency;
			target = 833F412628BBCA7800FEEDEA /* PreworkTipCalculator */;
			targetProxy = 833F414828BBCA7900FEEDEA /* PBXContainerItemProxy */;
		};
/* End PBXTargetDependency section */

/* Begin PBXVariantGroup section */
		833F413028BBCA7800FEEDEA /* Main.storyboard */ = {
			isa = PBXVariantGroup;
			children = (
				833F413128BBCA7800FEEDEA /* Base */,
			);
			name = Main.storyboard;
			sourceTree = "<group>";
		};
		833F413528BBCA7900FEEDEA /* LaunchScreen.storyboard */ = {
			isa = PBXVariantGroup;
			children = (
				833F413628BBCA7900FEEDEA /* Base */,
			);
			name = LaunchScreen.storyboard;
			sourceTree = "<group>";
		};
/* End PBXVariantGroup section */

/* Begin XCBuildConfiguration section */
		833F414F28BBCA7900FEEDEA /* Debug */ = {
			isa = XCBuildConfiguration;
			buildSettings = {
				ALWAYS_SEARCH_USER_PATHS = NO;
				CLANG_ANALYZER_NONNULL = YES;
				CLANG_ANALYZER_NUMBER_OBJECT_CONVERSION = YES_AGGRESSIVE;
				CLANG_CXX_LANGUAGE_STANDARD = "gnu++17";
				CLANG_ENABLE_MODULES = YES;
				CLANG_ENABLE_OBJC_ARC = YES;
				CLANG_ENABLE_OBJC_WEAK = YES;
				CLANG_WARN_BLOCK_CAPTURE_AUTORELEASING = YES;
				CLANG_WARN_BOOL_CONVERSION = YES;
				CLANG_WARN_COMMA = YES;
				CLANG_WARN_CONSTANT_CONVERSION = YES;
				CLANG_WARN_DEPRECATED_OBJC_IMPLEMENTATIONS = YES;
				CLANG_WARN_DIRECT_OBJC_ISA_USAGE = YES_ERROR;
				CLANG_WARN_DOCUMENTATION_COMMENTS = YES;
				CLANG_WARN_EMPTY_BODY = YES;
				CLANG_WARN_ENUM_CONVERSION = YES;
				CLANG_WARN_INFINITE_RECURSION = YES;
				CLANG_WARN_INT_CONVERSION = YES;
				CLANG_WARN_NON_LITERAL_NULL_CONVERSION = YES;
				CLANG_WARN_OBJC_IMPLICIT_RETAIN_SELF = YES;
				CLANG_WARN_OBJC_LITERAL_CONVERSION = YES;
				CLANG_WARN_OBJC_ROOT_CLASS = YES_ERROR;
				CLANG_WARN_QUOTED_INCLUDE_IN_FRAMEWORK_HEADER = YES;
				CLANG_WARN_RANGE_LOOP_ANALYSIS = YES;
				CLANG_WARN_STRICT_PROTOTYPES = YES;
				CLANG_WARN_SUSPICIOUS_MOVE = YES;
				CLANG_WARN_UNGUARDED_AVAILABILITY = YES_AGGRESSIVE;
				CLANG_WARN_UNREACHABLE_CODE = YES;
				CLANG_WARN__DUPLICATE_METHOD_MATCH = YES;
				COPY_PHASE_STRIP = NO;
				DEBUG_INFORMATION_FORMAT = dwarf;
				ENABLE_STRICT_OBJC_MSGSEND = YES;
				ENABLE_TESTABILITY = YES;
				GCC_C_LANGUAGE_STANDARD = gnu11;
				GCC_DYNAMIC_NO_PIC = NO;
				GCC_NO_COMMON_BLOCKS = YES;
				GCC_OPTIMIZATION_LEVEL = 0;
				GCC_PREPROCESSOR_DEFINITIONS = (
					"DEBUG=1",
					"$(inherited)",
				);
				GCC_WARN_64_TO_32_BIT_CONVERSION = YES;
				GCC_WARN_ABOUT_RETURN_TYPE = YES_ERROR;
				GCC_WARN_UNDECLARED_SELECTOR = YES;
				GCC_WARN_UNINITIALIZED_AUTOS = YES_AGGRESSIVE;
				GCC_WARN_UNUSED_FUNCTION = YES;
				GCC_WARN_UNUSED_VARIABLE = YES;
				IPHONEOS_DEPLOYMENT_TARGET = 15.5;
				MTL_ENABLE_DEBUG_INFO = INCLUDE_SOURCE;
				MTL_FAST_MATH = YES;
				ONLY_ACTIVE_ARCH = YES;
				SDKROOT = iphoneos;
				SWIFT_ACTIVE_COMPILATION_CONDITIONS = DEBUG;
				SWIFT_OPTIMIZATION_LEVEL = "-Onone";
			};
			name = Debug;
		};
		833F415028BBCA7900FEEDEA /* Release */ = {
			isa = XCBuildConfiguration;
			buildSettings = {
				ALWAYS_SEARCH_USER_PATHS = NO;
				CLANG_ANALYZER_NONNULL = YES;
				CLANG_ANALYZER_NUMBER_OBJECT_CONVERSION = YES_AGGRESSIVE;
				CLANG_CXX_LANGUAGE_STANDARD = "gnu++17";
				CLANG_ENABLE_MODULES = YES;
				CLANG_ENABLE_OBJC_ARC = YES;
				CLANG_ENABLE_OBJC_WEAK = YES;
				CLANG_WARN_BLOCK_CAPTURE_AUTORELEASING = YES;
				CLANG_WARN_BOOL_CONVERSION = YES;
				CLANG_WARN_COMMA = YES;
				CLANG_WARN_CONSTANT_CONVERSION = YES;
				CLANG_WARN_DEPRECATED_OBJC_IMPLEMENTATIONS = YES;
				CLANG_WARN_DIRECT_OBJC_ISA_USAGE = YES_ERROR;
				CLANG_WARN_DOCUMENTATION_COMMENTS = YES;
				CLANG_WARN_EMPTY_BODY = YES;
				CLANG_WARN_ENUM_CONVERSION = YES;
				CLANG_WARN_INFINITE_RECURSION = YES;
				CLANG_WARN_INT_CONVERSION = YES;
				CLANG_WARN_NON_LITERAL_NULL_CONVERSION = YES;
				CLANG_WARN_OBJC_IMPLICIT_RETAIN_SELF = YES;
				CLANG_WARN_OBJC_LITERAL_CONVERSION = YES;
				CLANG_WARN_OBJC_ROOT_CLASS = YES_ERROR;
				CLANG_WARN_QUOTED_INCLUDE_IN_FRAMEWORK_HEADER = YES;
				CLANG_WARN_RANGE_LOOP_ANALYSIS = YES;
				CLANG_WARN_STRICT_PROTOTYPES = YES;
				CLANG_WARN_SUSPICIOUS_MOVE = YES;
				CLANG_WARN_UNGUARDED_AVAILABILITY = YES_AGGRESSIVE;
				CLANG_WARN_UNREACHABLE_CODE = YES;
				CLANG_WARN__DUPLICATE_METHOD_MATCH = YES;
				COPY_PHASE_STRIP = NO;
				DEBUG_INFORMATION_FORMAT = "dwarf-with-dsym";
				ENABLE_NS_ASSERTIONS = NO;
				ENABLE_STRICT_OBJC_MSGSEND = YES;
				GCC_C_LANGUAGE_STANDARD = gnu11;
				GCC_NO_COMMON_BLOCKS = YES;
				GCC_WARN_64_TO_32_BIT_CONVERSION = YES;
				GCC_WARN_ABOUT_RETURN_TYPE = YES_ERROR;
				GCC_WARN_UNDECLARED_SELECTOR = YES;
				GCC_WARN_UNINITIALIZED_AUTOS = YES_AGGRESSIVE;
				GCC_WARN_UNUSED_FUNCTION = YES;
				GCC_WARN_UNUSED_VARIABLE = YES;
				IPHONEOS_DEPLOYMENT_TARGET = 15.5;
				MTL_ENABLE_DEBUG_INFO = NO;
				MTL_FAST_MATH = YES;
				SDKROOT = iphoneos;
				SWIFT_COMPILATION_MODE = wholemodule;
				SWIFT_OPTIMIZATION_LEVEL = "-O";
				VALIDATE_PRODUCT = YES;
			};
			name = Release;
		};
		833F415228BBCA7900FEEDEA /* Debug */ = {
			isa = XCBuildConfiguration;
			buildSettings = {
				ASSETCATALOG_COMPILER_APPICON_NAME = AppIcon;
				ASSETCATALOG_COMPILER_GLOBAL_ACCENT_COLOR_NAME = AccentColor;
				CODE_SIGN_STYLE = Automatic;
				CURRENT_PROJECT_VERSION = 1;
				GENERATE_INFOPLIST_FILE = YES;
				INFOPLIST_FILE = PreworkTipCalculator/Info.plist;
				INFOPLIST_KEY_UIApplicationSupportsIndirectInputEvents = YES;
				INFOPLIST_KEY_UILaunchStoryboardName = LaunchScreen;
				INFOPLIST_KEY_UIMainStoryboardFile = Main;
				INFOPLIST_KEY_UISupportedInterfaceOrientations_iPad = "UIInterfaceOrientationPortrait UIInterfaceOrientationPortraitUpsideDown UIInterfaceOrientationLandscapeLeft UIInterfaceOrientationLandscapeRight";
				INFOPLIST_KEY_UISupportedInterfaceOrientations_iPhone = "UIInterfaceOrientationPortrait UIInterfaceOrientationLandscapeLeft UIInterfaceOrientationLandscapeRight";
				LD_RUNPATH_SEARCH_PATHS = (
					"$(inherited)",
					"@executable_path/Frameworks",
				);
				MARKETING_VERSION = 1.0;
				PRODUCT_BUNDLE_IDENTIFIER = CodePath.PreworkTipCalculator;
				PRODUCT_NAME = "$(TARGET_NAME)";
				SWIFT_EMIT_LOC_STRINGS = YES;
				SWIFT_VERSION = 5.0;
				TARGETED_DEVICE_FAMILY = "1,2";
			};
			name = Debug;
		};
		833F415328BBCA7900FEEDEA /* Release */ = {
			isa = XCBuildConfiguration;
			buildSettings = {
				ASSETCATALOG_COMPILER_APPICON_NAME = AppIcon;
				ASSETCATALOG_COMPILER_GLOBAL_ACCENT_COLOR_NAME = AccentColor;
				CODE_SIGN_STYLE = Automatic;
				CURRENT_PROJECT_VERSION = 1;
				GENERATE_INFOPLIST_FILE = YES;
				INFOPLIST_FILE = PreworkTipCalculator/Info.plist;
				INFOPLIST_KEY_UIApplicationSupportsIndirectInputEvents = YES;
				INFOPLIST_KEY_UILaunchStoryboardName = LaunchScreen;
				INFOPLIST_KEY_UIMainStoryboardFile = Main;
				INFOPLIST_KEY_UISupportedInterfaceOrientations_iPad = "UIInterfaceOrientationPortrait UIInterfaceOrientationPortraitUpsideDown UIInterfaceOrientationLandscapeLeft UIInterfaceOrientationLandscapeRight";
				INFOPLIST_KEY_UISupportedInterfaceOrientations_iPhone = "UIInterfaceOrientationPortrait UIInterfaceOrientationLandscapeLeft UIInterfaceOrientationLandscapeRight";
				LD_RUNPATH_SEARCH_PATHS = (
					"$(inherited)",
					"@executable_path/Frameworks",
				);
				MARKETING_VERSION = 1.0;
				PRODUCT_BUNDLE_IDENTIFIER = CodePath.PreworkTipCalculator;
				PRODUCT_NAME = "$(TARGET_NAME)";
				SWIFT_EMIT_LOC_STRINGS = YES;
				SWIFT_VERSION = 5.0;
				TARGETED_DEVICE_FAMILY = "1,2";
			};
			name = Release;
		};
		833F415528BBCA7900FEEDEA /* Debug */ = {
			isa = XCBuildConfiguration;
			buildSettings = {
				ALWAYS_EMBED_SWIFT_STANDARD_LIBRARIES = YES;
				BUNDLE_LOADER = "$(TEST_HOST)";
				CODE_SIGN_STYLE = Automatic;
				CURRENT_PROJECT_VERSION = 1;
				GENERATE_INFOPLIST_FILE = YES;
				IPHONEOS_DEPLOYMENT_TARGET = 15.5;
				MARKETING_VERSION = 1.0;
				PRODUCT_BUNDLE_IDENTIFIER = CodePath.PreworkTipCalculatorTests;
				PRODUCT_NAME = "$(TARGET_NAME)";
				SWIFT_EMIT_LOC_STRINGS = NO;
				SWIFT_VERSION = 5.0;
				TARGETED_DEVICE_FAMILY = "1,2";
				TEST_HOST = "$(BUILT_PRODUCTS_DIR)/PreworkTipCalculator.app/PreworkTipCalculator";
			};
			name = Debug;
		};
		833F415628BBCA7900FEEDEA /* Release */ = {
			isa = XCBuildConfiguration;
			buildSettings = {
				ALWAYS_EMBED_SWIFT_STANDARD_LIBRARIES = YES;
				BUNDLE_LOADER = "$(TEST_HOST)";
				CODE_SIGN_STYLE = Automatic;
				CURRENT_PROJECT_VERSION = 1;
				GENERATE_INFOPLIST_FILE = YES;
				IPHONEOS_DEPLOYMENT_TARGET = 15.5;
				MARKETING_VERSION = 1.0;
				PRODUCT_BUNDLE_IDENTIFIER = CodePath.PreworkTipCalculatorTests;
				PRODUCT_NAME = "$(TARGET_NAME)";
				SWIFT_EMIT_LOC_STRINGS = NO;
				SWIFT_VERSION = 5.0;
				TARGETED_DEVICE_FAMILY = "1,2";
				TEST_HOST = "$(BUILT_PRODUCTS_DIR)/PreworkTipCalculator.app/PreworkTipCalculator";
			};
			name = Release;
		};
		833F415828BBCA7900FEEDEA /* Debug */ = {
			isa = XCBuildConfiguration;
			buildSettings = {
				ALWAYS_EMBED_SWIFT_STANDARD_LIBRARIES = YES;
				CODE_SIGN_STYLE = Automatic;
				CURRENT_PROJECT_VERSION = 1;
				GENERATE_INFOPLIST_FILE = YES;
				MARKETING_VERSION = 1.0;
				PRODUCT_BUNDLE_IDENTIFIER = CodePath.PreworkTipCalculatorUITests;
				PRODUCT_NAME = "$(TARGET_NAME)";
				SWIFT_EMIT_LOC_STRINGS = NO;
				SWIFT_VERSION = 5.0;
				TARGETED_DEVICE_FAMILY = "1,2";
				TEST_TARGET_NAME = PreworkTipCalculator;
			};
			name = Debug;
		};
		833F415928BBCA7900FEEDEA /* Release */ = {
			isa = XCBuildConfiguration;
			buildSettings = {
				ALWAYS_EMBED_SWIFT_STANDARD_LIBRARIES = YES;
				CODE_SIGN_STYLE = Automatic;
				CURRENT_PROJECT_VERSION = 1;
				GENERATE_INFOPLIST_FILE = YES;
				MARKETING_VERSION = 1.0;
				PRODUCT_BUNDLE_IDENTIFIER = CodePath.PreworkTipCalculatorUITests;
				PRODUCT_NAME = "$(TARGET_NAME)";
				SWIFT_EMIT_LOC_STRINGS = NO;
				SWIFT_VERSION = 5.0;
				TARGETED_DEVICE_FAMILY = "1,2";
				TEST_TARGET_NAME = PreworkTipCalculator;
			};
			name = Release;
		};
/* End XCBuildConfiguration section */

/* Begin XCConfigurationList section */
		833F412228BBCA7800FEEDEA /* Build configuration list for PBXProject "PreworkTipCalculator" */ = {
			isa = XCConfigurationList;
			buildConfigurations = (
				833F414F28BBCA7900FEEDEA /* Debug */,
				833F415028BBCA7900FEEDEA /* Release */,
			);
			defaultConfigurationIsVisible = 0;
			defaultConfigurationName = Release;
		};
		833F415128BBCA7900FEEDEA /* Build configuration list for PBXNativeTarget "PreworkTipCalculator" */ = {
			isa = XCConfigurationList;
			buildConfigurations = (
				833F415228BBCA7900FEEDEA /* Debug */,
				833F415328BBCA7900FEEDEA /* Release */,
			);
			defaultConfigurationIsVisible = 0;
			defaultConfigurationName = Release;
		};
		833F415428BBCA7900FEEDEA /* Build configuration list for PBXNativeTarget "PreworkTipCalculatorTests" */ = {
			isa = XCConfigurationList;
			buildConfigurations = (
				833F415528BBCA7900FEEDEA /* Debug */,
				833F415628BBCA7900FEEDEA /* Release */,
			);
			defaultConfigurationIsVisible = 0;
			defaultConfigurationName = Release;
		};
		833F415728BBCA7900FEEDEA /* Build configuration list for PBXNativeTarget "PreworkTipCalculatorUITests" */ = {
			isa = XCConfigurationList;
			buildConfigurations = (
				833F415828BBCA7900FEEDEA /* Debug */,
				833F415928BBCA7900FEEDEA /* Release */,
			);
			defaultConfigurationIsVisible = 0;
			defaultConfigurationName = Release;
		};
/* End XCConfigurationList section */
	};
	rootObject = 833F411F28BBCA7800FEEDEA /* Project object */;
}
